
Microsoft Visual Studio Solution File, Format Version 12.00
# Visual Studio Version 16
VisualStudioVersion = 16.0.29519.181
MinimumVisualStudioVersion = 10.0.40219.1
Project("{FAE04EC0-301F-11D3-BF4B-00C04F79EFBC}") = "ToStringEx2", "ToStringEx2\ToStringEx2.csproj", "{3124F742-F05A-428C-9E1F-A23681486420}"
EndProject
Global
	GlobalSection(SolutionConfigurationPlatforms) = preSolution
		Debug|Any CPU = Debug|Any CPU
		Release|Any CPU = Release|Any CPU
	EndGlobalSection
	GlobalSection(ProjectConfigurationPlatforms) = postSolution
		{3124F742-F05A-428C-9E1F-A23681486420}.Debug|Any CPU.ActiveCfg = Debug|Any CPU
		{3124F742-F05A-428C-9E1F-A23681486420}.Debug|Any CPU.Build.0 = Debug|Any CPU
		{3124F742-F05A-428C-9E1F-A23681486420}.Release|Any CPU.ActiveCfg = Release|Any CPU
		{3124F742-F05A-428C-9E1F-A23681486420}.Release|Any CPU.Build.0 = Release|Any CPU
	EndGlobalSection
	GlobalSection(SolutionProperties) = preSolution
		HideSolutionNode = FALSE
	EndGlobalSection
	GlobalSection(ExtensibilityGlobals) = postSolution
		SolutionGuid = {A10970BF-066B-4AA9-B7C1-AC7B0743B319}
	EndGlobalSection
EndGlobal
