
Microsoft Visual Studio Solution File, Format Version 12.00
# Visual Studio Version 16
VisualStudioVersion = 16.0.29519.181
MinimumVisualStudioVersion = 10.0.40219.1
Project("{FAE04EC0-301F-11D3-BF4B-00C04F79EFBC}") = "CalculatorGeneric", "CalculatorGeneric\CalculatorGeneric.csproj", "{45B10353-5209-48EB-8264-50CAA0B9C058}"
EndProject
Global
	GlobalSection(SolutionConfigurationPlatforms) = preSolution
		Debug|Any CPU = Debug|Any CPU
		Release|Any CPU = Release|Any CPU
	EndGlobalSection
	GlobalSection(ProjectConfigurationPlatforms) = postSolution
		{45B10353-5209-48EB-8264-50CAA0B9C058}.Debug|Any CPU.ActiveCfg = Debug|Any CPU
		{45B10353-5209-48EB-8264-50CAA0B9C058}.Debug|Any CPU.Build.0 = Debug|Any CPU
		{45B10353-5209-48EB-8264-50CAA0B9C058}.Release|Any CPU.ActiveCfg = Release|Any CPU
		{45B10353-5209-48EB-8264-50CAA0B9C058}.Release|Any CPU.Build.0 = Release|Any CPU
	EndGlobalSection
	GlobalSection(SolutionProperties) = preSolution
		HideSolutionNode = FALSE
	EndGlobalSection
	GlobalSection(ExtensibilityGlobals) = postSolution
		SolutionGuid = {2FE48294-5622-4C8B-9FD1-8561C195E10B}
	EndGlobalSection
EndGlobal
