
Microsoft Visual Studio Solution File, Format Version 12.00
# Visual Studio Version 16
VisualStudioVersion = 16.0.29519.181
MinimumVisualStudioVersion = 10.0.40219.1
Project("{FAE04EC0-301F-11D3-BF4B-00C04F79EFBC}") = "CalcGenerica", "CalcGenerica\CalcGenerica.csproj", "{48FE5F6C-1FDD-4071-87E2-1DE4FA503D62}"
EndProject
Global
	GlobalSection(SolutionConfigurationPlatforms) = preSolution
		Debug|Any CPU = Debug|Any CPU
		Release|Any CPU = Release|Any CPU
	EndGlobalSection
	GlobalSection(ProjectConfigurationPlatforms) = postSolution
		{48FE5F6C-1FDD-4071-87E2-1DE4FA503D62}.Debug|Any CPU.ActiveCfg = Debug|Any CPU
		{48FE5F6C-1FDD-4071-87E2-1DE4FA503D62}.Debug|Any CPU.Build.0 = Debug|Any CPU
		{48FE5F6C-1FDD-4071-87E2-1DE4FA503D62}.Release|Any CPU.ActiveCfg = Release|Any CPU
		{48FE5F6C-1FDD-4071-87E2-1DE4FA503D62}.Release|Any CPU.Build.0 = Release|Any CPU
	EndGlobalSection
	GlobalSection(SolutionProperties) = preSolution
		HideSolutionNode = FALSE
	EndGlobalSection
	GlobalSection(ExtensibilityGlobals) = postSolution
		SolutionGuid = {5C49EB55-5DD6-467D-81A7-E38ECAF475F7}
	EndGlobalSection
EndGlobal
