
Microsoft Visual Studio Solution File, Format Version 12.00
# Visual Studio Version 16
VisualStudioVersion = 16.0.29519.181
MinimumVisualStudioVersion = 10.0.40219.1
Project("{FAE04EC0-301F-11D3-BF4B-00C04F79EFBC}") = "multiplosDe3", "multiplosDe3\multiplosDe3.csproj", "{67B9A232-6179-463F-B686-B6773834ADD6}"
EndProject
Global
	GlobalSection(SolutionConfigurationPlatforms) = preSolution
		Debug|Any CPU = Debug|Any CPU
		Release|Any CPU = Release|Any CPU
	EndGlobalSection
	GlobalSection(ProjectConfigurationPlatforms) = postSolution
		{67B9A232-6179-463F-B686-B6773834ADD6}.Debug|Any CPU.ActiveCfg = Debug|Any CPU
		{67B9A232-6179-463F-B686-B6773834ADD6}.Debug|Any CPU.Build.0 = Debug|Any CPU
		{67B9A232-6179-463F-B686-B6773834ADD6}.Release|Any CPU.ActiveCfg = Release|Any CPU
		{67B9A232-6179-463F-B686-B6773834ADD6}.Release|Any CPU.Build.0 = Release|Any CPU
	EndGlobalSection
	GlobalSection(SolutionProperties) = preSolution
		HideSolutionNode = FALSE
	EndGlobalSection
	GlobalSection(ExtensibilityGlobals) = postSolution
		SolutionGuid = {72AE7CFC-7A89-40FE-BD4C-0C94ECA6F51F}
	EndGlobalSection
EndGlobal
