
Microsoft Visual Studio Solution File, Format Version 12.00
# Visual Studio Version 16
VisualStudioVersion = 16.0.29519.181
MinimumVisualStudioVersion = 10.0.40219.1
Project("{FAE04EC0-301F-11D3-BF4B-00C04F79EFBC}") = "Calculator2", "Calculator2\Calculator2.csproj", "{6963ED88-451C-42BC-BB87-11613BEE5ACF}"
EndProject
Global
	GlobalSection(SolutionConfigurationPlatforms) = preSolution
		Debug|Any CPU = Debug|Any CPU
		Release|Any CPU = Release|Any CPU
	EndGlobalSection
	GlobalSection(ProjectConfigurationPlatforms) = postSolution
		{6963ED88-451C-42BC-BB87-11613BEE5ACF}.Debug|Any CPU.ActiveCfg = Debug|Any CPU
		{6963ED88-451C-42BC-BB87-11613BEE5ACF}.Debug|Any CPU.Build.0 = Debug|Any CPU
		{6963ED88-451C-42BC-BB87-11613BEE5ACF}.Release|Any CPU.ActiveCfg = Release|Any CPU
		{6963ED88-451C-42BC-BB87-11613BEE5ACF}.Release|Any CPU.Build.0 = Release|Any CPU
	EndGlobalSection
	GlobalSection(SolutionProperties) = preSolution
		HideSolutionNode = FALSE
	EndGlobalSection
	GlobalSection(ExtensibilityGlobals) = postSolution
		SolutionGuid = {60B2A5DA-CDE9-4C34-843F-CA5FAA3337F9}
	EndGlobalSection
EndGlobal
