
Microsoft Visual Studio Solution File, Format Version 12.00
# Visual Studio Version 16
VisualStudioVersion = 16.0.30011.22
MinimumVisualStudioVersion = 10.0.40219.1
Project("{FAE04EC0-301F-11D3-BF4B-00C04F79EFBC}") = "GenericEx", "GenericEx\GenericEx.csproj", "{A93172A3-543D-40D1-A585-92E6E5362162}"
EndProject
Global
	GlobalSection(SolutionConfigurationPlatforms) = preSolution
		Debug|Any CPU = Debug|Any CPU
		Release|Any CPU = Release|Any CPU
	EndGlobalSection
	GlobalSection(ProjectConfigurationPlatforms) = postSolution
		{A93172A3-543D-40D1-A585-92E6E5362162}.Debug|Any CPU.ActiveCfg = Debug|Any CPU
		{A93172A3-543D-40D1-A585-92E6E5362162}.Debug|Any CPU.Build.0 = Debug|Any CPU
		{A93172A3-543D-40D1-A585-92E6E5362162}.Release|Any CPU.ActiveCfg = Release|Any CPU
		{A93172A3-543D-40D1-A585-92E6E5362162}.Release|Any CPU.Build.0 = Release|Any CPU
	EndGlobalSection
	GlobalSection(SolutionProperties) = preSolution
		HideSolutionNode = FALSE
	EndGlobalSection
	GlobalSection(ExtensibilityGlobals) = postSolution
		SolutionGuid = {26B5559A-AF19-4631-AE88-3601A6B1297F}
	EndGlobalSection
EndGlobal
