
Microsoft Visual Studio Solution File, Format Version 12.00
# Visual Studio Version 16
VisualStudioVersion = 16.0.29519.181
MinimumVisualStudioVersion = 10.0.40219.1
Project("{FAE04EC0-301F-11D3-BF4B-00C04F79EFBC}") = "CalculoDeSalario", "CalculoDeSalario\CalculoDeSalario.csproj", "{0142365B-9DC0-4023-9C02-FBED43F7C7A2}"
EndProject
Global
	GlobalSection(SolutionConfigurationPlatforms) = preSolution
		Debug|Any CPU = Debug|Any CPU
		Release|Any CPU = Release|Any CPU
	EndGlobalSection
	GlobalSection(ProjectConfigurationPlatforms) = postSolution
		{0142365B-9DC0-4023-9C02-FBED43F7C7A2}.Debug|Any CPU.ActiveCfg = Debug|Any CPU
		{0142365B-9DC0-4023-9C02-FBED43F7C7A2}.Debug|Any CPU.Build.0 = Debug|Any CPU
		{0142365B-9DC0-4023-9C02-FBED43F7C7A2}.Release|Any CPU.ActiveCfg = Release|Any CPU
		{0142365B-9DC0-4023-9C02-FBED43F7C7A2}.Release|Any CPU.Build.0 = Release|Any CPU
	EndGlobalSection
	GlobalSection(SolutionProperties) = preSolution
		HideSolutionNode = FALSE
	EndGlobalSection
	GlobalSection(ExtensibilityGlobals) = postSolution
		SolutionGuid = {FF3207F4-7DFC-405C-9267-0F340EFC9A80}
	EndGlobalSection
EndGlobal
