
Microsoft Visual Studio Solution File, Format Version 12.00
# Visual Studio Version 16
VisualStudioVersion = 16.0.29519.181
MinimumVisualStudioVersion = 10.0.40219.1
Project("{FAE04EC0-301F-11D3-BF4B-00C04F79EFBC}") = "TddTeste", "TddTeste\TddTeste.csproj", "{178492A7-D28B-405D-B3FC-CBAD81A9D97F}"
EndProject
Global
	GlobalSection(SolutionConfigurationPlatforms) = preSolution
		Debug|Any CPU = Debug|Any CPU
		Release|Any CPU = Release|Any CPU
	EndGlobalSection
	GlobalSection(ProjectConfigurationPlatforms) = postSolution
		{178492A7-D28B-405D-B3FC-CBAD81A9D97F}.Debug|Any CPU.ActiveCfg = Debug|Any CPU
		{178492A7-D28B-405D-B3FC-CBAD81A9D97F}.Debug|Any CPU.Build.0 = Debug|Any CPU
		{178492A7-D28B-405D-B3FC-CBAD81A9D97F}.Release|Any CPU.ActiveCfg = Release|Any CPU
		{178492A7-D28B-405D-B3FC-CBAD81A9D97F}.Release|Any CPU.Build.0 = Release|Any CPU
	EndGlobalSection
	GlobalSection(SolutionProperties) = preSolution
		HideSolutionNode = FALSE
	EndGlobalSection
	GlobalSection(ExtensibilityGlobals) = postSolution
		SolutionGuid = {F9E58BC0-B8E2-47DE-AB03-722CA8CA83FB}
	EndGlobalSection
EndGlobal
