
Microsoft Visual Studio Solution File, Format Version 12.00
# Visual Studio Version 16
VisualStudioVersion = 16.0.29519.181
MinimumVisualStudioVersion = 10.0.40219.1
Project("{FAE04EC0-301F-11D3-BF4B-00C04F79EFBC}") = "GenericCalculator", "Calculator\GenericCalculator.csproj", "{FDD8CDD1-0A85-4263-9297-9E25E1949C1A}"
EndProject
Global
	GlobalSection(SolutionConfigurationPlatforms) = preSolution
		Debug|Any CPU = Debug|Any CPU
		Release|Any CPU = Release|Any CPU
	EndGlobalSection
	GlobalSection(ProjectConfigurationPlatforms) = postSolution
		{FDD8CDD1-0A85-4263-9297-9E25E1949C1A}.Debug|Any CPU.ActiveCfg = Debug|Any CPU
		{FDD8CDD1-0A85-4263-9297-9E25E1949C1A}.Debug|Any CPU.Build.0 = Debug|Any CPU
		{FDD8CDD1-0A85-4263-9297-9E25E1949C1A}.Release|Any CPU.ActiveCfg = Release|Any CPU
		{FDD8CDD1-0A85-4263-9297-9E25E1949C1A}.Release|Any CPU.Build.0 = Release|Any CPU
	EndGlobalSection
	GlobalSection(SolutionProperties) = preSolution
		HideSolutionNode = FALSE
	EndGlobalSection
	GlobalSection(ExtensibilityGlobals) = postSolution
		SolutionGuid = {5FF5AB7E-74ED-4AB0-AC6D-03DF41AF83B4}
	EndGlobalSection
EndGlobal
