
Microsoft Visual Studio Solution File, Format Version 12.00
# Visual Studio Version 16
VisualStudioVersion = 16.0.29519.181
MinimumVisualStudioVersion = 10.0.40219.1
Project("{FAE04EC0-301F-11D3-BF4B-00C04F79EFBC}") = "ToStringEx1", "ToStringEx1\ToStringEx1.csproj", "{0F478FBA-CEC0-464E-AE1E-547AD9F5AA5E}"
EndProject
Global
	GlobalSection(SolutionConfigurationPlatforms) = preSolution
		Debug|Any CPU = Debug|Any CPU
		Release|Any CPU = Release|Any CPU
	EndGlobalSection
	GlobalSection(ProjectConfigurationPlatforms) = postSolution
		{0F478FBA-CEC0-464E-AE1E-547AD9F5AA5E}.Debug|Any CPU.ActiveCfg = Debug|Any CPU
		{0F478FBA-CEC0-464E-AE1E-547AD9F5AA5E}.Debug|Any CPU.Build.0 = Debug|Any CPU
		{0F478FBA-CEC0-464E-AE1E-547AD9F5AA5E}.Release|Any CPU.ActiveCfg = Release|Any CPU
		{0F478FBA-CEC0-464E-AE1E-547AD9F5AA5E}.Release|Any CPU.Build.0 = Release|Any CPU
	EndGlobalSection
	GlobalSection(SolutionProperties) = preSolution
		HideSolutionNode = FALSE
	EndGlobalSection
	GlobalSection(ExtensibilityGlobals) = postSolution
		SolutionGuid = {339F849C-5E64-430D-907F-E0074A8ED53A}
	EndGlobalSection
EndGlobal
