
Microsoft Visual Studio Solution File, Format Version 12.00
# Visual Studio Version 16
VisualStudioVersion = 16.0.29519.181
MinimumVisualStudioVersion = 10.0.40219.1
Project("{FAE04EC0-301F-11D3-BF4B-00C04F79EFBC}") = "ConversoesImplicitasExplicitas", "ConversoesImplicitasExplicitas\ConversoesImplicitasExplicitas.csproj", "{20B6A513-D7F5-4C7E-A52C-7A4EFAE1222F}"
EndProject
Global
	GlobalSection(SolutionConfigurationPlatforms) = preSolution
		Debug|Any CPU = Debug|Any CPU
		Release|Any CPU = Release|Any CPU
	EndGlobalSection
	GlobalSection(ProjectConfigurationPlatforms) = postSolution
		{20B6A513-D7F5-4C7E-A52C-7A4EFAE1222F}.Debug|Any CPU.ActiveCfg = Debug|Any CPU
		{20B6A513-D7F5-4C7E-A52C-7A4EFAE1222F}.Debug|Any CPU.Build.0 = Debug|Any CPU
		{20B6A513-D7F5-4C7E-A52C-7A4EFAE1222F}.Release|Any CPU.ActiveCfg = Release|Any CPU
		{20B6A513-D7F5-4C7E-A52C-7A4EFAE1222F}.Release|Any CPU.Build.0 = Release|Any CPU
	EndGlobalSection
	GlobalSection(SolutionProperties) = preSolution
		HideSolutionNode = FALSE
	EndGlobalSection
	GlobalSection(ExtensibilityGlobals) = postSolution
		SolutionGuid = {17672B38-7B28-4111-A641-C2EE8F91406C}
	EndGlobalSection
EndGlobal
