
Microsoft Visual Studio Solution File, Format Version 12.00
# Visual Studio Version 16
VisualStudioVersion = 16.0.29519.181
MinimumVisualStudioVersion = 10.0.40219.1
Project("{FAE04EC0-301F-11D3-BF4B-00C04F79EFBC}") = "OperadorDeCoalescencia2", "OperadorDeCoalescencia2\OperadorDeCoalescencia2.csproj", "{F22C280E-3C28-4FEF-9D70-096AE0647198}"
EndProject
Global
	GlobalSection(SolutionConfigurationPlatforms) = preSolution
		Debug|Any CPU = Debug|Any CPU
		Release|Any CPU = Release|Any CPU
	EndGlobalSection
	GlobalSection(ProjectConfigurationPlatforms) = postSolution
		{F22C280E-3C28-4FEF-9D70-096AE0647198}.Debug|Any CPU.ActiveCfg = Debug|Any CPU
		{F22C280E-3C28-4FEF-9D70-096AE0647198}.Debug|Any CPU.Build.0 = Debug|Any CPU
		{F22C280E-3C28-4FEF-9D70-096AE0647198}.Release|Any CPU.ActiveCfg = Release|Any CPU
		{F22C280E-3C28-4FEF-9D70-096AE0647198}.Release|Any CPU.Build.0 = Release|Any CPU
	EndGlobalSection
	GlobalSection(SolutionProperties) = preSolution
		HideSolutionNode = FALSE
	EndGlobalSection
	GlobalSection(ExtensibilityGlobals) = postSolution
		SolutionGuid = {B469C02E-08D3-4216-B06F-4B350E72D3EF}
	EndGlobalSection
EndGlobal
