
Microsoft Visual Studio Solution File, Format Version 12.00
# Visual Studio Version 16
VisualStudioVersion = 16.0.29519.181
MinimumVisualStudioVersion = 10.0.40219.1
Project("{FAE04EC0-301F-11D3-BF4B-00C04F79EFBC}") = "ProjetoEscola", "ProjetoEscola\ProjetoEscola.csproj", "{CF2204E7-054B-4565-BB4B-694F1AEE478F}"
EndProject
Global
	GlobalSection(SolutionConfigurationPlatforms) = preSolution
		Debug|Any CPU = Debug|Any CPU
		Release|Any CPU = Release|Any CPU
	EndGlobalSection
	GlobalSection(ProjectConfigurationPlatforms) = postSolution
		{CF2204E7-054B-4565-BB4B-694F1AEE478F}.Debug|Any CPU.ActiveCfg = Debug|Any CPU
		{CF2204E7-054B-4565-BB4B-694F1AEE478F}.Debug|Any CPU.Build.0 = Debug|Any CPU
		{CF2204E7-054B-4565-BB4B-694F1AEE478F}.Release|Any CPU.ActiveCfg = Release|Any CPU
		{CF2204E7-054B-4565-BB4B-694F1AEE478F}.Release|Any CPU.Build.0 = Release|Any CPU
	EndGlobalSection
	GlobalSection(SolutionProperties) = preSolution
		HideSolutionNode = FALSE
	EndGlobalSection
	GlobalSection(ExtensibilityGlobals) = postSolution
		SolutionGuid = {2FBBEDD7-73CF-4A31-BD7C-53739147D9F5}
	EndGlobalSection
EndGlobal
