
Microsoft Visual Studio Solution File, Format Version 12.00
# Visual Studio Version 16
VisualStudioVersion = 16.0.29519.181
MinimumVisualStudioVersion = 10.0.40219.1
Project("{FAE04EC0-301F-11D3-BF4B-00C04F79EFBC}") = "OperadorDeCoalescencia", "OperadorDeCoalescencia\OperadorDeCoalescencia.csproj", "{088FB414-8E0A-4210-9D7D-842BADA2ED43}"
EndProject
Global
	GlobalSection(SolutionConfigurationPlatforms) = preSolution
		Debug|Any CPU = Debug|Any CPU
		Release|Any CPU = Release|Any CPU
	EndGlobalSection
	GlobalSection(ProjectConfigurationPlatforms) = postSolution
		{088FB414-8E0A-4210-9D7D-842BADA2ED43}.Debug|Any CPU.ActiveCfg = Debug|Any CPU
		{088FB414-8E0A-4210-9D7D-842BADA2ED43}.Debug|Any CPU.Build.0 = Debug|Any CPU
		{088FB414-8E0A-4210-9D7D-842BADA2ED43}.Release|Any CPU.ActiveCfg = Release|Any CPU
		{088FB414-8E0A-4210-9D7D-842BADA2ED43}.Release|Any CPU.Build.0 = Release|Any CPU
	EndGlobalSection
	GlobalSection(SolutionProperties) = preSolution
		HideSolutionNode = FALSE
	EndGlobalSection
	GlobalSection(ExtensibilityGlobals) = postSolution
		SolutionGuid = {3EEB82E4-85B1-4E06-A5F9-3D258E3DEF39}
	EndGlobalSection
EndGlobal
