
Microsoft Visual Studio Solution File, Format Version 12.00
# Visual Studio Version 16
VisualStudioVersion = 16.0.29519.181
MinimumVisualStudioVersion = 10.0.40219.1
Project("{FAE04EC0-301F-11D3-BF4B-00C04F79EFBC}") = "LinqTest", "LinqTest\LinqTest.csproj", "{7B4D1ABB-0160-4D2B-BCF9-17112A5E3E3A}"
EndProject
Global
	GlobalSection(SolutionConfigurationPlatforms) = preSolution
		Debug|Any CPU = Debug|Any CPU
		Release|Any CPU = Release|Any CPU
	EndGlobalSection
	GlobalSection(ProjectConfigurationPlatforms) = postSolution
		{7B4D1ABB-0160-4D2B-BCF9-17112A5E3E3A}.Debug|Any CPU.ActiveCfg = Debug|Any CPU
		{7B4D1ABB-0160-4D2B-BCF9-17112A5E3E3A}.Debug|Any CPU.Build.0 = Debug|Any CPU
		{7B4D1ABB-0160-4D2B-BCF9-17112A5E3E3A}.Release|Any CPU.ActiveCfg = Release|Any CPU
		{7B4D1ABB-0160-4D2B-BCF9-17112A5E3E3A}.Release|Any CPU.Build.0 = Release|Any CPU
	EndGlobalSection
	GlobalSection(SolutionProperties) = preSolution
		HideSolutionNode = FALSE
	EndGlobalSection
	GlobalSection(ExtensibilityGlobals) = postSolution
		SolutionGuid = {665F46EE-3554-4932-9681-3C243D4B50B6}
	EndGlobalSection
EndGlobal
