
Microsoft Visual Studio Solution File, Format Version 12.00
# Visual Studio Version 16
VisualStudioVersion = 16.0.29519.181
MinimumVisualStudioVersion = 10.0.40219.1
Project("{FAE04EC0-301F-11D3-BF4B-00C04F79EFBC}") = "BDDSpecFlowTest", "BDDSpecFlowTest\BDDSpecFlowTest.csproj", "{DBA10C54-F4D3-446C-988A-B1FA0C0695B0}"
EndProject
Global
	GlobalSection(SolutionConfigurationPlatforms) = preSolution
		Debug|Any CPU = Debug|Any CPU
		Release|Any CPU = Release|Any CPU
	EndGlobalSection
	GlobalSection(ProjectConfigurationPlatforms) = postSolution
		{DBA10C54-F4D3-446C-988A-B1FA0C0695B0}.Debug|Any CPU.ActiveCfg = Debug|Any CPU
		{DBA10C54-F4D3-446C-988A-B1FA0C0695B0}.Debug|Any CPU.Build.0 = Debug|Any CPU
		{DBA10C54-F4D3-446C-988A-B1FA0C0695B0}.Release|Any CPU.ActiveCfg = Release|Any CPU
		{DBA10C54-F4D3-446C-988A-B1FA0C0695B0}.Release|Any CPU.Build.0 = Release|Any CPU
	EndGlobalSection
	GlobalSection(SolutionProperties) = preSolution
		HideSolutionNode = FALSE
	EndGlobalSection
	GlobalSection(ExtensibilityGlobals) = postSolution
		SolutionGuid = {836F8D00-FC43-489E-90F2-AFF38E96F04B}
	EndGlobalSection
EndGlobal
