
Microsoft Visual Studio Solution File, Format Version 12.00
# Visual Studio Version 16
VisualStudioVersion = 16.0.29519.181
MinimumVisualStudioVersion = 10.0.40219.1
Project("{FAE04EC0-301F-11D3-BF4B-00C04F79EFBC}") = "Polimorfismo", "Polimorfismo\Polimorfismo.csproj", "{1FBB4747-8EC1-4DDF-8A56-620816774688}"
EndProject
Global
	GlobalSection(SolutionConfigurationPlatforms) = preSolution
		Debug|Any CPU = Debug|Any CPU
		Release|Any CPU = Release|Any CPU
	EndGlobalSection
	GlobalSection(ProjectConfigurationPlatforms) = postSolution
		{1FBB4747-8EC1-4DDF-8A56-620816774688}.Debug|Any CPU.ActiveCfg = Debug|Any CPU
		{1FBB4747-8EC1-4DDF-8A56-620816774688}.Debug|Any CPU.Build.0 = Debug|Any CPU
		{1FBB4747-8EC1-4DDF-8A56-620816774688}.Release|Any CPU.ActiveCfg = Release|Any CPU
		{1FBB4747-8EC1-4DDF-8A56-620816774688}.Release|Any CPU.Build.0 = Release|Any CPU
	EndGlobalSection
	GlobalSection(SolutionProperties) = preSolution
		HideSolutionNode = FALSE
	EndGlobalSection
	GlobalSection(ExtensibilityGlobals) = postSolution
		SolutionGuid = {78DA0891-D3C5-4ADC-8DCD-995BDB3F7AC6}
	EndGlobalSection
EndGlobal
